
Microsoft Visual Studio Solution File, Format Version 12.00
# Visual Studio Version 16
VisualStudioVersion = 16.0.29102.190
MinimumVisualStudioVersion = 10.0.40219.1
Project("{FAE04EC0-301F-11D3-BF4B-00C04F79EFBC}") = "Calculadora", "Calculadora\Calculadora.csproj", "{69B53850-863E-47D9-B8BB-A1A36FA6247A}"
EndProject
Global
	GlobalSection(SolutionConfigurationPlatforms) = preSolution
		Debug|Any CPU = Debug|Any CPU
		Release|Any CPU = Release|Any CPU
	EndGlobalSection
	GlobalSection(ProjectConfigurationPlatforms) = postSolution
		{69B53850-863E-47D9-B8BB-A1A36FA6247A}.Debug|Any CPU.ActiveCfg = Debug|Any CPU
		{69B53850-863E-47D9-B8BB-A1A36FA6247A}.Debug|Any CPU.Build.0 = Debug|Any CPU
		{69B53850-863E-47D9-B8BB-A1A36FA6247A}.Release|Any CPU.ActiveCfg = Release|Any CPU
		{69B53850-863E-47D9-B8BB-A1A36FA6247A}.Release|Any CPU.Build.0 = Release|Any CPU
	EndGlobalSection
	GlobalSection(SolutionProperties) = preSolution
		HideSolutionNode = FALSE
	EndGlobalSection
	GlobalSection(ExtensibilityGlobals) = postSolution
		SolutionGuid = {27A31E15-9FE0-4ED7-AB90-59A213F2C988}
	EndGlobalSection
EndGlobal
